
Microsoft Visual Studio Solution File, Format Version 12.00
# Visual Studio Version 16
VisualStudioVersion = 16.0.28803.156
MinimumVisualStudioVersion = 10.0.40219.1
Project("{FAE04EC0-301F-11D3-BF4B-00C04F79EFBC}") = "BenchmarkDotNetPractice", "BenchmarkDotNetPractice\BenchmarkDotNetPractice.csproj", "{943B1114-64FF-424F-9DE0-CC20ECEBB596}"
EndProject
Global
	GlobalSection(SolutionConfigurationPlatforms) = preSolution
		Debug|Any CPU = Debug|Any CPU
		Release|Any CPU = Release|Any CPU
	EndGlobalSection
	GlobalSection(ProjectConfigurationPlatforms) = postSolution
		{943B1114-64FF-424F-9DE0-CC20ECEBB596}.Debug|Any CPU.ActiveCfg = Debug|Any CPU
		{943B1114-64FF-424F-9DE0-CC20ECEBB596}.Debug|Any CPU.Build.0 = Debug|Any CPU
		{943B1114-64FF-424F-9DE0-CC20ECEBB596}.Release|Any CPU.ActiveCfg = Release|Any CPU
		{943B1114-64FF-424F-9DE0-CC20ECEBB596}.Release|Any CPU.Build.0 = Release|Any CPU
	EndGlobalSection
	GlobalSection(SolutionProperties) = preSolution
		HideSolutionNode = FALSE
	EndGlobalSection
	GlobalSection(ExtensibilityGlobals) = postSolution
		SolutionGuid = {F16CFA00-99A6-4EAD-9165-A804D6E83C61}
	EndGlobalSection
EndGlobal
